
Microsoft Visual Studio Solution File, Format Version 12.00
Project("{F2A71F9B-5D33-465A-A702-920D77279786}") = "FParsecDemo", "FParsecDemo\FParsecDemo.fsproj", "{0C65DD3C-EC6F-43EE-B730-7C9D81A59E33}"
EndProject
Global
	GlobalSection(SolutionConfigurationPlatforms) = preSolution
		Debug|Any CPU = Debug|Any CPU
		Release|Any CPU = Release|Any CPU
	EndGlobalSection
	GlobalSection(ProjectConfigurationPlatforms) = postSolution
		{0C65DD3C-EC6F-43EE-B730-7C9D81A59E33}.Debug|Any CPU.ActiveCfg = Debug|Any CPU
		{0C65DD3C-EC6F-43EE-B730-7C9D81A59E33}.Debug|Any CPU.Build.0 = Debug|Any CPU
		{0C65DD3C-EC6F-43EE-B730-7C9D81A59E33}.Release|Any CPU.ActiveCfg = Release|Any CPU
		{0C65DD3C-EC6F-43EE-B730-7C9D81A59E33}.Release|Any CPU.Build.0 = Release|Any CPU
	EndGlobalSection
EndGlobal
